# This file was autogenerated by Stack.
# You should not edit this file by hand.
# For more information, please see the documentation at:
#   https://docs.haskellstack.org/en/stable/topics/lock_files

packages:
- completed:
    hackage: iwlib-0.1.0@sha256:226e4582d6878166a172ff98c868e25c4ed478ab28ab493498e464b1fe19d39a,921
    pantry-tree:
      sha256: f867a93991b791adf4c65bb91f385effee7e18bd78d8e0a61fd03f42f6073705
      size: 259
  original:
    hackage: iwlib-0.1.0
- completed:
    hackage: netlink-1.1.1.0@sha256:d83424b5ba9921191449e4b1f53c7cba7f4375f2c55a9b737c77e982e1f40d00,3689
    pantry-tree:
      sha256: 42a57a2db0d8b44e04a04905ed56994b7293d2f244595bf3e65480c36d114ac3
      size: 1598
  original:
    hackage: netlink-1.1.1.0
- completed:
    hackage: X11-1.10.3@sha256:e0b9a48aab0a963a4b5015287fe3aaf93181697931770a2c8477befe88a9e775,3759
    pantry-tree:
      sha256: 2e0fb5c5f856ed823a359ca92a0f32f7e24cc1f07576f5e63776820a334cd22c
      size: 2861
  original:
    hackage: X11-1.10.3
- completed:
    hackage: X11-xft-0.3.4@sha256:e08bd69d24c40f1a33e6c87964f200656da77ad6a1fbdf6a4073dcb967e65599,1380
    pantry-tree:
      sha256: 0dad74fea9135433d0f4ca7a65dba6c8ac99136bb6cacf901d2ddf795846d0f1
      size: 330
  original:
    hackage: X11-xft-0.3.4
- completed:
    hackage: utf8-string-1.0.2@sha256:79416292186feeaf1f60e49ac5a1ffae9bf1b120e040a74bf0e81ca7f1d31d3f,1538
    pantry-tree:
      sha256: 0863c3c9b6ee24dd38873c62e38ac46dd50aff2ea6b362beadf7f9b4a273c75f
      size: 601
  original:
    hackage: utf8-string-1.0.2
snapshots:
- completed:
    sha256: 08bd13ce621b41a8f5e51456b38d5b46d7783ce114a50ab604d6bbab0d002146
    size: 720271
    url: https://raw.githubusercontent.com/commercialhaskell/stackage-snapshots/master/lts/22/43.yaml
  original:
    url: https://raw.githubusercontent.com/commercialhaskell/stackage-snapshots/master/lts/22/43.yaml
